
Microsoft Visual Studio Solution File, Format Version 12.00
# Visual Studio 15
VisualStudioVersion = 15.0.28307.779
MinimumVisualStudioVersion = 10.0.40219.1
Project("{FAE04EC0-301F-11D3-BF4B-00C04F79EFBC}") = "CRUDAPI", "CRUDAPI\CRUDAPI.csproj", "{182F7679-BE29-45B2-AE52-88029D410B1A}"
EndProject
Project("{FAE04EC0-301F-11D3-BF4B-00C04F79EFBC}") = "UnitTest", "UnitTest\UnitTest.csproj", "{51923A7B-6727-4F6C-A632-F85DA833965D}"
EndProject
Project("{2150E333-8FDC-42A3-9474-1A3956D46DE8}") = "Repository", "Repository", "{CA8FEA59-0D0F-49B9-B2F2-9E0648453FAA}"
EndProject
Project("{2150E333-8FDC-42A3-9474-1A3956D46DE8}") = "Web", "Web", "{86BA0B9D-C5CF-4663-BF1B-EEBA03255B23}"
EndProject
Project("{FAE04EC0-301F-11D3-BF4B-00C04F79EFBC}") = "EmployeeManagement.Repository", "EmployeeManagement.Repository\EmployeeManagement.Repository.csproj", "{C043E4E7-07A6-4E0F-9243-D05E89FDE814}"
EndProject
Project("{2150E333-8FDC-42A3-9474-1A3956D46DE8}") = "UI", "UI", "{CA71EA37-F649-40C4-B81B-FFB50E208A2C}"
EndProject
Project("{E24C65DC-7377-472B-9ABA-BC803B73C61A}") = "Angularcrud", "Angularcrud\", "{B62691B0-B7DE-4AB5-834C-A2FA57172A82}"
	ProjectSection(WebsiteProperties) = preProject
		TargetFrameworkMoniker = ".NETFramework,Version%3Dv4.0"
		Debug.AspNetCompiler.VirtualPath = "/localhost_52600"
		Debug.AspNetCompiler.PhysicalPath = "Angularcrud\"
		Debug.AspNetCompiler.TargetPath = "PrecompiledWeb\localhost_52600\"
		Debug.AspNetCompiler.Updateable = "true"
		Debug.AspNetCompiler.ForceOverwrite = "true"
		Debug.AspNetCompiler.FixedNames = "false"
		Debug.AspNetCompiler.Debug = "True"
		Release.AspNetCompiler.VirtualPath = "/localhost_52600"
		Release.AspNetCompiler.PhysicalPath = "Angularcrud\"
		Release.AspNetCompiler.TargetPath = "PrecompiledWeb\localhost_52600\"
		Release.AspNetCompiler.Updateable = "true"
		Release.AspNetCompiler.ForceOverwrite = "true"
		Release.AspNetCompiler.FixedNames = "false"
		Release.AspNetCompiler.Debug = "False"
		VWDPort = "52600"
		SlnRelativePath = "Angularcrud\"
	EndProjectSection
EndProject
Global
	GlobalSection(SolutionConfigurationPlatforms) = preSolution
		Debug|Any CPU = Debug|Any CPU
		Release|Any CPU = Release|Any CPU
	EndGlobalSection
	GlobalSection(ProjectConfigurationPlatforms) = postSolution
		{182F7679-BE29-45B2-AE52-88029D410B1A}.Debug|Any CPU.ActiveCfg = Debug|Any CPU
		{182F7679-BE29-45B2-AE52-88029D410B1A}.Debug|Any CPU.Build.0 = Debug|Any CPU
		{182F7679-BE29-45B2-AE52-88029D410B1A}.Release|Any CPU.ActiveCfg = Release|Any CPU
		{182F7679-BE29-45B2-AE52-88029D410B1A}.Release|Any CPU.Build.0 = Release|Any CPU
		{51923A7B-6727-4F6C-A632-F85DA833965D}.Debug|Any CPU.ActiveCfg = Debug|Any CPU
		{51923A7B-6727-4F6C-A632-F85DA833965D}.Debug|Any CPU.Build.0 = Debug|Any CPU
		{51923A7B-6727-4F6C-A632-F85DA833965D}.Release|Any CPU.ActiveCfg = Release|Any CPU
		{51923A7B-6727-4F6C-A632-F85DA833965D}.Release|Any CPU.Build.0 = Release|Any CPU
		{C043E4E7-07A6-4E0F-9243-D05E89FDE814}.Debug|Any CPU.ActiveCfg = Debug|Any CPU
		{C043E4E7-07A6-4E0F-9243-D05E89FDE814}.Debug|Any CPU.Build.0 = Debug|Any CPU
		{C043E4E7-07A6-4E0F-9243-D05E89FDE814}.Release|Any CPU.ActiveCfg = Release|Any CPU
		{C043E4E7-07A6-4E0F-9243-D05E89FDE814}.Release|Any CPU.Build.0 = Release|Any CPU
		{B62691B0-B7DE-4AB5-834C-A2FA57172A82}.Debug|Any CPU.ActiveCfg = Debug|Any CPU
		{B62691B0-B7DE-4AB5-834C-A2FA57172A82}.Debug|Any CPU.Build.0 = Debug|Any CPU
		{B62691B0-B7DE-4AB5-834C-A2FA57172A82}.Release|Any CPU.ActiveCfg = Debug|Any CPU
		{B62691B0-B7DE-4AB5-834C-A2FA57172A82}.Release|Any CPU.Build.0 = Debug|Any CPU
	EndGlobalSection
	GlobalSection(SolutionProperties) = preSolution
		HideSolutionNode = FALSE
	EndGlobalSection
	GlobalSection(NestedProjects) = preSolution
		{182F7679-BE29-45B2-AE52-88029D410B1A} = {86BA0B9D-C5CF-4663-BF1B-EEBA03255B23}
		{C043E4E7-07A6-4E0F-9243-D05E89FDE814} = {CA8FEA59-0D0F-49B9-B2F2-9E0648453FAA}
		{B62691B0-B7DE-4AB5-834C-A2FA57172A82} = {CA71EA37-F649-40C4-B81B-FFB50E208A2C}
	EndGlobalSection
	GlobalSection(ExtensibilityGlobals) = postSolution
		SolutionGuid = {6A1E1739-CE50-4A6E-98BF-1572B4659FBB}
	EndGlobalSection
EndGlobal
